{
  "requires": true,
  "lockfileVersion": 1,
  "dependencies": {
    "vue-i18n": {
      "version": "8.0.0",
      "resolved": "https://registry.npmjs.org/vue-i18n/-/vue-i18n-8.0.0.tgz",
      "integrity": "sha512-Xi4xQEhL96zqXfPcfEM8Dusqmxu2jJBR88t+KGCxT7WoeDa7YHFtN7tauf9ZJQQEKt9kT6PH1+krVMB8tnl7TA=="
    }
  }
}
